
Microsoft Visual Studio Solution File, Format Version 12.00
# Visual Studio Version 17
VisualStudioVersion = 17.0.31912.275
MinimumVisualStudioVersion = 10.0.40219.1
Project("{9A19103F-16F7-4668-BE54-9A1E7A4F7556}") = "OnlineApp.Server", "OnlineApp\Server\OnlineApp.Server.csproj", "{D719F218-FFB4-428C-A9C0-9952A0CF9FD1}"
EndProject
Project("{9A19103F-16F7-4668-BE54-9A1E7A4F7556}") = "OnlineApp.Client", "OnlineApp\Client\OnlineApp.Client.csproj", "{D694664F-D26B-4040-9662-830BFEEBF427}"
	ProjectSection(ProjectDependencies) = postProject
		{60457925-0865-44FB-8495-81E7D7BFDA16} = {60457925-0865-44FB-8495-81E7D7BFDA16}
		{01FD6658-9689-4945-8B9B-4004C60F0EF6} = {01FD6658-9689-4945-8B9B-4004C60F0EF6}
		{47905193-55E4-49E1-B137-37C582C1760C} = {47905193-55E4-49E1-B137-37C582C1760C}
	EndProjectSection
EndProject
Project("{9A19103F-16F7-4668-BE54-9A1E7A4F7556}") = "OnlineApp.Shared", "OnlineApp\Shared\OnlineApp.Shared.csproj", "{64E11372-723F-4880-B3ED-01DE78E40C15}"
EndProject
Project("{2150E333-8FDC-42A3-9474-1A3956D46DE8}") = "1. Presentation layer", "1. Presentation layer", "{6A63FB40-A1F3-439E-A020-1C5FFCF877E8}"
EndProject
Project("{2150E333-8FDC-42A3-9474-1A3956D46DE8}") = "2. Client", "2. Client", "{ADA7A7BD-C208-40F7-A8B6-12693F2FD683}"
EndProject
Project("{2150E333-8FDC-42A3-9474-1A3956D46DE8}") = "3. Server", "3. Server", "{01B91E91-1B97-47AB-95B7-2EFA8E4EA354}"
EndProject
Project("{2150E333-8FDC-42A3-9474-1A3956D46DE8}") = "4. Core", "4. Core", "{86BF009C-B02D-46F2-AE08-EAC8BA5ED039}"
EndProject
Project("{2150E333-8FDC-42A3-9474-1A3956D46DE8}") = "5. Business Layer", "5. Business Layer", "{E46F8B77-C0DD-4569-955A-11CEAF73F982}"
EndProject
Project("{2150E333-8FDC-42A3-9474-1A3956D46DE8}") = "6. Resource Access", "6. Resource Access", "{EEBFD6EC-0192-4B7B-B2BC-F7B05D709399}"
EndProject
Project("{9A19103F-16F7-4668-BE54-9A1E7A4F7556}") = "OnlineApp.Data", "OnlineApp.Data\OnlineApp.Data.csproj", "{7D987221-55EC-4E87-A742-2743D30BD5A8}"
EndProject
Project("{9A19103F-16F7-4668-BE54-9A1E7A4F7556}") = "OnlineApp.Data.Contracts", "OnlineApp.Data.Contracts\OnlineApp.Data.Contracts.csproj", "{81CE2544-342F-4F96-ABE5-933EDD4A5292}"
EndProject
Project("{9A19103F-16F7-4668-BE54-9A1E7A4F7556}") = "OnlineApp.Data.Mapper", "OnlineApp.Data.Mapper\OnlineApp.Data.Mapper.csproj", "{631316DD-70A7-407E-B3C0-BDC285CAC25E}"
EndProject
Project("{9A19103F-16F7-4668-BE54-9A1E7A4F7556}") = "OnlineApp.Data.DbObjects", "OnlineApp.Data.DbObjects\OnlineApp.Data.DbObjects.csproj", "{62DD6970-7E5F-4276-BE25-CA63392C57D4}"
EndProject
Project("{9A19103F-16F7-4668-BE54-9A1E7A4F7556}") = "OnlineApp.Business", "OnlineApp.Business\OnlineApp.Business.csproj", "{A5586290-14E0-4F70-AEBC-F02407888B2E}"
EndProject
Project("{9A19103F-16F7-4668-BE54-9A1E7A4F7556}") = "OnlineApp.Business.Entities", "OnlineApp.Business.Entities\OnlineApp.Business.Entities.csproj", "{A9FC666B-7B2C-409F-B706-A8AC5FF7737B}"
EndProject
Project("{9A19103F-16F7-4668-BE54-9A1E7A4F7556}") = "Core.Common", "Core.Common\Core.Common.csproj", "{B6C43001-EA1D-43D0-AB0B-8D01DE64AB15}"
EndProject
Project("{9A19103F-16F7-4668-BE54-9A1E7A4F7556}") = "Core.Contracts", "Core.Contracts\Core.Contracts.csproj", "{6338BE70-D31E-4EFD-B7E1-82A2A6248229}"
EndProject
Project("{9A19103F-16F7-4668-BE54-9A1E7A4F7556}") = "OnlineApp.Client.Contracts", "OnlineApp.Client.Contracts\OnlineApp.Client.Contracts.csproj", "{60457925-0865-44FB-8495-81E7D7BFDA16}"
EndProject
Project("{9A19103F-16F7-4668-BE54-9A1E7A4F7556}") = "OnlineApp.Client.Entities", "OnlineApp.Client.Entities\OnlineApp.Client.Entities.csproj", "{47905193-55E4-49E1-B137-37C582C1760C}"
EndProject
Project("{9A19103F-16F7-4668-BE54-9A1E7A4F7556}") = "OnlineApp.Client.Services", "OnlineApp.Client.Services\OnlineApp.Client.Services.csproj", "{01FD6658-9689-4945-8B9B-4004C60F0EF6}"
EndProject
Global
	GlobalSection(SolutionConfigurationPlatforms) = preSolution
		Debug|Any CPU = Debug|Any CPU
		Release|Any CPU = Release|Any CPU
	EndGlobalSection
	GlobalSection(ProjectConfigurationPlatforms) = postSolution
		{D719F218-FFB4-428C-A9C0-9952A0CF9FD1}.Debug|Any CPU.ActiveCfg = Debug|Any CPU
		{D719F218-FFB4-428C-A9C0-9952A0CF9FD1}.Debug|Any CPU.Build.0 = Debug|Any CPU
		{D719F218-FFB4-428C-A9C0-9952A0CF9FD1}.Release|Any CPU.ActiveCfg = Release|Any CPU
		{D719F218-FFB4-428C-A9C0-9952A0CF9FD1}.Release|Any CPU.Build.0 = Release|Any CPU
		{D694664F-D26B-4040-9662-830BFEEBF427}.Debug|Any CPU.ActiveCfg = Debug|Any CPU
		{D694664F-D26B-4040-9662-830BFEEBF427}.Debug|Any CPU.Build.0 = Debug|Any CPU
		{D694664F-D26B-4040-9662-830BFEEBF427}.Release|Any CPU.ActiveCfg = Release|Any CPU
		{D694664F-D26B-4040-9662-830BFEEBF427}.Release|Any CPU.Build.0 = Release|Any CPU
		{64E11372-723F-4880-B3ED-01DE78E40C15}.Debug|Any CPU.ActiveCfg = Debug|Any CPU
		{64E11372-723F-4880-B3ED-01DE78E40C15}.Debug|Any CPU.Build.0 = Debug|Any CPU
		{64E11372-723F-4880-B3ED-01DE78E40C15}.Release|Any CPU.ActiveCfg = Release|Any CPU
		{64E11372-723F-4880-B3ED-01DE78E40C15}.Release|Any CPU.Build.0 = Release|Any CPU
		{7D987221-55EC-4E87-A742-2743D30BD5A8}.Debug|Any CPU.ActiveCfg = Debug|Any CPU
		{7D987221-55EC-4E87-A742-2743D30BD5A8}.Debug|Any CPU.Build.0 = Debug|Any CPU
		{7D987221-55EC-4E87-A742-2743D30BD5A8}.Release|Any CPU.ActiveCfg = Release|Any CPU
		{7D987221-55EC-4E87-A742-2743D30BD5A8}.Release|Any CPU.Build.0 = Release|Any CPU
		{81CE2544-342F-4F96-ABE5-933EDD4A5292}.Debug|Any CPU.ActiveCfg = Debug|Any CPU
		{81CE2544-342F-4F96-ABE5-933EDD4A5292}.Debug|Any CPU.Build.0 = Debug|Any CPU
		{81CE2544-342F-4F96-ABE5-933EDD4A5292}.Release|Any CPU.ActiveCfg = Release|Any CPU
		{81CE2544-342F-4F96-ABE5-933EDD4A5292}.Release|Any CPU.Build.0 = Release|Any CPU
		{631316DD-70A7-407E-B3C0-BDC285CAC25E}.Debug|Any CPU.ActiveCfg = Debug|Any CPU
		{631316DD-70A7-407E-B3C0-BDC285CAC25E}.Debug|Any CPU.Build.0 = Debug|Any CPU
		{631316DD-70A7-407E-B3C0-BDC285CAC25E}.Release|Any CPU.ActiveCfg = Release|Any CPU
		{631316DD-70A7-407E-B3C0-BDC285CAC25E}.Release|Any CPU.Build.0 = Release|Any CPU
		{62DD6970-7E5F-4276-BE25-CA63392C57D4}.Debug|Any CPU.ActiveCfg = Debug|Any CPU
		{62DD6970-7E5F-4276-BE25-CA63392C57D4}.Debug|Any CPU.Build.0 = Debug|Any CPU
		{62DD6970-7E5F-4276-BE25-CA63392C57D4}.Release|Any CPU.ActiveCfg = Release|Any CPU
		{62DD6970-7E5F-4276-BE25-CA63392C57D4}.Release|Any CPU.Build.0 = Release|Any CPU
		{A5586290-14E0-4F70-AEBC-F02407888B2E}.Debug|Any CPU.ActiveCfg = Debug|Any CPU
		{A5586290-14E0-4F70-AEBC-F02407888B2E}.Debug|Any CPU.Build.0 = Debug|Any CPU
		{A5586290-14E0-4F70-AEBC-F02407888B2E}.Release|Any CPU.ActiveCfg = Release|Any CPU
		{A5586290-14E0-4F70-AEBC-F02407888B2E}.Release|Any CPU.Build.0 = Release|Any CPU
		{A9FC666B-7B2C-409F-B706-A8AC5FF7737B}.Debug|Any CPU.ActiveCfg = Debug|Any CPU
		{A9FC666B-7B2C-409F-B706-A8AC5FF7737B}.Debug|Any CPU.Build.0 = Debug|Any CPU
		{A9FC666B-7B2C-409F-B706-A8AC5FF7737B}.Release|Any CPU.ActiveCfg = Release|Any CPU
		{A9FC666B-7B2C-409F-B706-A8AC5FF7737B}.Release|Any CPU.Build.0 = Release|Any CPU
		{B6C43001-EA1D-43D0-AB0B-8D01DE64AB15}.Debug|Any CPU.ActiveCfg = Debug|Any CPU
		{B6C43001-EA1D-43D0-AB0B-8D01DE64AB15}.Debug|Any CPU.Build.0 = Debug|Any CPU
		{B6C43001-EA1D-43D0-AB0B-8D01DE64AB15}.Release|Any CPU.ActiveCfg = Release|Any CPU
		{B6C43001-EA1D-43D0-AB0B-8D01DE64AB15}.Release|Any CPU.Build.0 = Release|Any CPU
		{6338BE70-D31E-4EFD-B7E1-82A2A6248229}.Debug|Any CPU.ActiveCfg = Debug|Any CPU
		{6338BE70-D31E-4EFD-B7E1-82A2A6248229}.Debug|Any CPU.Build.0 = Debug|Any CPU
		{6338BE70-D31E-4EFD-B7E1-82A2A6248229}.Release|Any CPU.ActiveCfg = Release|Any CPU
		{6338BE70-D31E-4EFD-B7E1-82A2A6248229}.Release|Any CPU.Build.0 = Release|Any CPU
		{60457925-0865-44FB-8495-81E7D7BFDA16}.Debug|Any CPU.ActiveCfg = Debug|Any CPU
		{60457925-0865-44FB-8495-81E7D7BFDA16}.Debug|Any CPU.Build.0 = Debug|Any CPU
		{60457925-0865-44FB-8495-81E7D7BFDA16}.Release|Any CPU.ActiveCfg = Release|Any CPU
		{60457925-0865-44FB-8495-81E7D7BFDA16}.Release|Any CPU.Build.0 = Release|Any CPU
		{47905193-55E4-49E1-B137-37C582C1760C}.Debug|Any CPU.ActiveCfg = Debug|Any CPU
		{47905193-55E4-49E1-B137-37C582C1760C}.Debug|Any CPU.Build.0 = Debug|Any CPU
		{47905193-55E4-49E1-B137-37C582C1760C}.Release|Any CPU.ActiveCfg = Release|Any CPU
		{47905193-55E4-49E1-B137-37C582C1760C}.Release|Any CPU.Build.0 = Release|Any CPU
		{01FD6658-9689-4945-8B9B-4004C60F0EF6}.Debug|Any CPU.ActiveCfg = Debug|Any CPU
		{01FD6658-9689-4945-8B9B-4004C60F0EF6}.Debug|Any CPU.Build.0 = Debug|Any CPU
		{01FD6658-9689-4945-8B9B-4004C60F0EF6}.Release|Any CPU.ActiveCfg = Release|Any CPU
		{01FD6658-9689-4945-8B9B-4004C60F0EF6}.Release|Any CPU.Build.0 = Release|Any CPU
	EndGlobalSection
	GlobalSection(SolutionProperties) = preSolution
		HideSolutionNode = FALSE
	EndGlobalSection
	GlobalSection(NestedProjects) = preSolution
		{D719F218-FFB4-428C-A9C0-9952A0CF9FD1} = {01B91E91-1B97-47AB-95B7-2EFA8E4EA354}
		{D694664F-D26B-4040-9662-830BFEEBF427} = {6A63FB40-A1F3-439E-A020-1C5FFCF877E8}
		{64E11372-723F-4880-B3ED-01DE78E40C15} = {01B91E91-1B97-47AB-95B7-2EFA8E4EA354}
		{7D987221-55EC-4E87-A742-2743D30BD5A8} = {EEBFD6EC-0192-4B7B-B2BC-F7B05D709399}
		{81CE2544-342F-4F96-ABE5-933EDD4A5292} = {EEBFD6EC-0192-4B7B-B2BC-F7B05D709399}
		{631316DD-70A7-407E-B3C0-BDC285CAC25E} = {EEBFD6EC-0192-4B7B-B2BC-F7B05D709399}
		{62DD6970-7E5F-4276-BE25-CA63392C57D4} = {EEBFD6EC-0192-4B7B-B2BC-F7B05D709399}
		{A5586290-14E0-4F70-AEBC-F02407888B2E} = {E46F8B77-C0DD-4569-955A-11CEAF73F982}
		{A9FC666B-7B2C-409F-B706-A8AC5FF7737B} = {E46F8B77-C0DD-4569-955A-11CEAF73F982}
		{B6C43001-EA1D-43D0-AB0B-8D01DE64AB15} = {86BF009C-B02D-46F2-AE08-EAC8BA5ED039}
		{6338BE70-D31E-4EFD-B7E1-82A2A6248229} = {86BF009C-B02D-46F2-AE08-EAC8BA5ED039}
		{60457925-0865-44FB-8495-81E7D7BFDA16} = {ADA7A7BD-C208-40F7-A8B6-12693F2FD683}
		{47905193-55E4-49E1-B137-37C582C1760C} = {ADA7A7BD-C208-40F7-A8B6-12693F2FD683}
		{01FD6658-9689-4945-8B9B-4004C60F0EF6} = {ADA7A7BD-C208-40F7-A8B6-12693F2FD683}
	EndGlobalSection
	GlobalSection(ExtensibilityGlobals) = postSolution
		SolutionGuid = {4258929E-8EFF-4E4A-A79C-115DFFC372C8}
	EndGlobalSection
EndGlobal
